
Microsoft Visual Studio Solution File, Format Version 12.00
# Visual Studio Version 16
VisualStudioVersion = 16.0.31729.503
MinimumVisualStudioVersion = 10.0.40219.1
Project("{FAE04EC0-301F-11D3-BF4B-00C04F79EFBC}") = "EulerChallengeUnitTests", "EulerChallengeUnitTests\EulerChallengeUnitTests.csproj", "{6D819700-8C73-49F1-A2D2-E4E6B01D61AC}"
EndProject
Global
	GlobalSection(SolutionConfigurationPlatforms) = preSolution
		Debug|Any CPU = Debug|Any CPU
		Release|Any CPU = Release|Any CPU
	EndGlobalSection
	GlobalSection(ProjectConfigurationPlatforms) = postSolution
		{6D819700-8C73-49F1-A2D2-E4E6B01D61AC}.Debug|Any CPU.ActiveCfg = Debug|Any CPU
		{6D819700-8C73-49F1-A2D2-E4E6B01D61AC}.Debug|Any CPU.Build.0 = Debug|Any CPU
		{6D819700-8C73-49F1-A2D2-E4E6B01D61AC}.Release|Any CPU.ActiveCfg = Release|Any CPU
		{6D819700-8C73-49F1-A2D2-E4E6B01D61AC}.Release|Any CPU.Build.0 = Release|Any CPU
	EndGlobalSection
	GlobalSection(SolutionProperties) = preSolution
		HideSolutionNode = FALSE
	EndGlobalSection
	GlobalSection(ExtensibilityGlobals) = postSolution
		SolutionGuid = {C56EB52D-A6BC-43C0-9C17-E5D387B31AB3}
	EndGlobalSection
EndGlobal
